
Microsoft Visual Studio Solution File, Format Version 12.00
# Visual Studio Version 17
VisualStudioVersion = 17.6.33829.357
MinimumVisualStudioVersion = 10.0.40219.1
Project("{9A19103F-16F7-4668-BE54-9A1E7A4F7556}") = "StoryScript_dotnet_framework", "StoryScript_dotnet_framework.csproj", "{84F83990-1EF1-44BE-8D96-7F08B24C6ED6}"
EndProject
Global
	GlobalSection(SolutionConfigurationPlatforms) = preSolution
		Debug|Any CPU = Debug|Any CPU
		Release|Any CPU = Release|Any CPU
	EndGlobalSection
	GlobalSection(ProjectConfigurationPlatforms) = postSolution
		{84F83990-1EF1-44BE-8D96-7F08B24C6ED6}.Debug|Any CPU.ActiveCfg = Debug|Any CPU
		{84F83990-1EF1-44BE-8D96-7F08B24C6ED6}.Debug|Any CPU.Build.0 = Debug|Any CPU
		{84F83990-1EF1-44BE-8D96-7F08B24C6ED6}.Release|Any CPU.ActiveCfg = Release|Any CPU
		{84F83990-1EF1-44BE-8D96-7F08B24C6ED6}.Release|Any CPU.Build.0 = Release|Any CPU
	EndGlobalSection
	GlobalSection(SolutionProperties) = preSolution
		HideSolutionNode = FALSE
	EndGlobalSection
	GlobalSection(ExtensibilityGlobals) = postSolution
		SolutionGuid = {5338F728-37C2-46D1-98A3-589521C341CE}
	EndGlobalSection
EndGlobal
